
Microsoft Visual Studio Solution File, Format Version 12.00
# Visual Studio 15
VisualStudioVersion = 15.0.27703.2035
MinimumVisualStudioVersion = 10.0.40219.1
Project("{9A19103F-16F7-4668-BE54-9A1E7A4F7556}") = "PuppeteerWorker", "PuppeteerWorker\PuppeteerWorker.csproj", "{0E547463-1EFD-49A3-9604-C69B934E0001}"
EndProject
Project("{9A19103F-16F7-4668-BE54-9A1E7A4F7556}") = "Tests", "Tests\Tests.csproj", "{FD40ABA8-896D-4CB6-8317-5CF92F452118}"
EndProject
Project("{9A19103F-16F7-4668-BE54-9A1E7A4F7556}") = "WebPageHtmlSourceWorker", "WebPageHtmlSourceWorker\WebPageHtmlSourceWorker.csproj", "{BFD78660-3460-4AB5-8219-444E94492967}"
EndProject
Project("{2150E333-8FDC-42A3-9474-1A3956D46DE8}") = "Puppeteer", "Puppeteer", "{FBDC1CD1-8F6E-472A-9E3F-2716B99221FF}"
EndProject
Project("{9A19103F-16F7-4668-BE54-9A1E7A4F7556}") = "WebPageLinksWorker", "WebPageLinksWorker\WebPageLinksWorker.csproj", "{9D1715A7-8981-4A3C-9815-E1925DE50E50}"
EndProject
Project("{9A19103F-16F7-4668-BE54-9A1E7A4F7556}") = "WebPageScreenshotWorker", "WebPageScreenshotWorker\WebPageScreenshotWorker.csproj", "{ECBE784D-9621-4C6E-A8C8-8EE0AD001413}"
EndProject
Project("{9A19103F-16F7-4668-BE54-9A1E7A4F7556}") = "WebPageSpider", "WebPageSpider\WebPageSpider.csproj", "{9A464E24-9E6F-4A80-B558-4DA488FB8CE0}"
EndProject
Project("{9A19103F-16F7-4668-BE54-9A1E7A4F7556}") = "ProcessMonitoringWorker", "ProcessMonitoringWorker\ProcessMonitoringWorker.csproj", "{8E0C52B8-64A1-4DF1-846C-14EB760F4DE5}"
EndProject
Project("{9A19103F-16F7-4668-BE54-9A1E7A4F7556}") = "TerminalWorker", "TerminalWorker\TerminalWorker.csproj", "{F96BCA08-79B5-4066-9CE7-83E410AB3CD6}"
EndProject
Project("{2150E333-8FDC-42A3-9474-1A3956D46DE8}") = "Disabled", "Disabled", "{11FEBC5F-F24A-487C-BACB-C392797D2886}"
EndProject
Project("{9A19103F-16F7-4668-BE54-9A1E7A4F7556}") = "Dollars", "Dollars\Dollars.csproj", "{92CA8B72-C540-4ABE-8C1B-1F71410E79BF}"
EndProject
Project("{9A19103F-16F7-4668-BE54-9A1E7A4F7556}") = "NmapWorker", "NmapWorker\NmapWorker.csproj", "{279A15C5-F04E-4394-B6C2-8B801D41C5B4}"
EndProject
Project("{2150E333-8FDC-42A3-9474-1A3956D46DE8}") = "Openvas", "Openvas", "{A95F490A-E42E-4D1A-B420-502DF28ED79D}"
EndProject
Project("{9A19103F-16F7-4668-BE54-9A1E7A4F7556}") = "Openvas.Omp.Client", "Openvas.Omp.Client\Openvas.Omp.Client.csproj", "{F58DC589-264B-4C6E-AB4A-CB3F316F318D}"
EndProject
Project("{9A19103F-16F7-4668-BE54-9A1E7A4F7556}") = "Openvas.Omp.ClientTests", "Openvas.Omp.ClientTests\Openvas.Omp.ClientTests.csproj", "{300B2FD0-C0B3-4C33-81A7-0118E85C3328}"
EndProject
Project("{9A19103F-16F7-4668-BE54-9A1E7A4F7556}") = "OpenvasWorker", "OpenvasWorker\OpenvasWorker.csproj", "{E04A31CD-74A1-4A0E-8020-483CA0784E63}"
EndProject
Project("{2150E333-8FDC-42A3-9474-1A3956D46DE8}") = "Arachni", "Arachni", "{CBFB5793-F456-4A88-904E-7955D079F9EE}"
EndProject
Project("{9A19103F-16F7-4668-BE54-9A1E7A4F7556}") = "Arachni.RestApi.Client", "Arachni.RestApi.Client\Arachni.RestApi.Client.csproj", "{9FA78606-BC87-4775-8520-B0B6BDFA1FE7}"
EndProject
Project("{9A19103F-16F7-4668-BE54-9A1E7A4F7556}") = "Arachni.RestApi.ClientTests", "Arachni.RestApi.ClientTests\Arachni.RestApi.ClientTests.csproj", "{CBBCDFAC-CA24-4E63-9DB9-DAE2D3415F48}"
EndProject
Project("{9A19103F-16F7-4668-BE54-9A1E7A4F7556}") = "ArachniWorker", "ArachniWorker\ArachniWorker.csproj", "{3732BA38-577C-4D7E-B4BF-3A8E8EFAE283}"
EndProject
Project("{2150E333-8FDC-42A3-9474-1A3956D46DE8}") = "Owasp", "Owasp", "{720017E9-6CDC-4F70-90C6-F4295CFC819B}"
EndProject
Project("{9A19103F-16F7-4668-BE54-9A1E7A4F7556}") = "OWASPZAPDotNetAPI", "OWASPZAPDotNetAPI\OWASPZAPDotNetAPI.csproj", "{8FE435A5-E8CB-4DE6-9A94-C446AA031F24}"
EndProject
Project("{FAE04EC0-301F-11D3-BF4B-00C04F79EFBC}") = "OwaspWorker", "OwaspWorker\OwaspWorker.csproj", "{2A7790E9-EB13-4417-ACAE-7627FAA925AD}"
EndProject
Global
	GlobalSection(SolutionConfigurationPlatforms) = preSolution
		Debug|Any CPU = Debug|Any CPU
		Release|Any CPU = Release|Any CPU
	EndGlobalSection
	GlobalSection(ProjectConfigurationPlatforms) = postSolution
		{0E547463-1EFD-49A3-9604-C69B934E0001}.Debug|Any CPU.ActiveCfg = Debug|Any CPU
		{0E547463-1EFD-49A3-9604-C69B934E0001}.Debug|Any CPU.Build.0 = Debug|Any CPU
		{0E547463-1EFD-49A3-9604-C69B934E0001}.Release|Any CPU.ActiveCfg = Release|Any CPU
		{0E547463-1EFD-49A3-9604-C69B934E0001}.Release|Any CPU.Build.0 = Release|Any CPU
		{FD40ABA8-896D-4CB6-8317-5CF92F452118}.Debug|Any CPU.ActiveCfg = Debug|Any CPU
		{FD40ABA8-896D-4CB6-8317-5CF92F452118}.Debug|Any CPU.Build.0 = Debug|Any CPU
		{FD40ABA8-896D-4CB6-8317-5CF92F452118}.Release|Any CPU.ActiveCfg = Release|Any CPU
		{FD40ABA8-896D-4CB6-8317-5CF92F452118}.Release|Any CPU.Build.0 = Release|Any CPU
		{BFD78660-3460-4AB5-8219-444E94492967}.Debug|Any CPU.ActiveCfg = Debug|Any CPU
		{BFD78660-3460-4AB5-8219-444E94492967}.Debug|Any CPU.Build.0 = Debug|Any CPU
		{BFD78660-3460-4AB5-8219-444E94492967}.Release|Any CPU.ActiveCfg = Release|Any CPU
		{BFD78660-3460-4AB5-8219-444E94492967}.Release|Any CPU.Build.0 = Release|Any CPU
		{9D1715A7-8981-4A3C-9815-E1925DE50E50}.Debug|Any CPU.ActiveCfg = Debug|Any CPU
		{9D1715A7-8981-4A3C-9815-E1925DE50E50}.Debug|Any CPU.Build.0 = Debug|Any CPU
		{9D1715A7-8981-4A3C-9815-E1925DE50E50}.Release|Any CPU.ActiveCfg = Release|Any CPU
		{9D1715A7-8981-4A3C-9815-E1925DE50E50}.Release|Any CPU.Build.0 = Release|Any CPU
		{ECBE784D-9621-4C6E-A8C8-8EE0AD001413}.Debug|Any CPU.ActiveCfg = Debug|Any CPU
		{ECBE784D-9621-4C6E-A8C8-8EE0AD001413}.Debug|Any CPU.Build.0 = Debug|Any CPU
		{ECBE784D-9621-4C6E-A8C8-8EE0AD001413}.Release|Any CPU.ActiveCfg = Release|Any CPU
		{ECBE784D-9621-4C6E-A8C8-8EE0AD001413}.Release|Any CPU.Build.0 = Release|Any CPU
		{9A464E24-9E6F-4A80-B558-4DA488FB8CE0}.Debug|Any CPU.ActiveCfg = Debug|Any CPU
		{9A464E24-9E6F-4A80-B558-4DA488FB8CE0}.Debug|Any CPU.Build.0 = Debug|Any CPU
		{9A464E24-9E6F-4A80-B558-4DA488FB8CE0}.Release|Any CPU.ActiveCfg = Release|Any CPU
		{9A464E24-9E6F-4A80-B558-4DA488FB8CE0}.Release|Any CPU.Build.0 = Release|Any CPU
		{8E0C52B8-64A1-4DF1-846C-14EB760F4DE5}.Debug|Any CPU.ActiveCfg = Debug|Any CPU
		{8E0C52B8-64A1-4DF1-846C-14EB760F4DE5}.Debug|Any CPU.Build.0 = Debug|Any CPU
		{8E0C52B8-64A1-4DF1-846C-14EB760F4DE5}.Release|Any CPU.ActiveCfg = Release|Any CPU
		{8E0C52B8-64A1-4DF1-846C-14EB760F4DE5}.Release|Any CPU.Build.0 = Release|Any CPU
		{F96BCA08-79B5-4066-9CE7-83E410AB3CD6}.Debug|Any CPU.ActiveCfg = Debug|Any CPU
		{F96BCA08-79B5-4066-9CE7-83E410AB3CD6}.Debug|Any CPU.Build.0 = Debug|Any CPU
		{F96BCA08-79B5-4066-9CE7-83E410AB3CD6}.Release|Any CPU.ActiveCfg = Release|Any CPU
		{F96BCA08-79B5-4066-9CE7-83E410AB3CD6}.Release|Any CPU.Build.0 = Release|Any CPU
		{92CA8B72-C540-4ABE-8C1B-1F71410E79BF}.Debug|Any CPU.ActiveCfg = Debug|Any CPU
		{92CA8B72-C540-4ABE-8C1B-1F71410E79BF}.Debug|Any CPU.Build.0 = Debug|Any CPU
		{92CA8B72-C540-4ABE-8C1B-1F71410E79BF}.Release|Any CPU.ActiveCfg = Release|Any CPU
		{92CA8B72-C540-4ABE-8C1B-1F71410E79BF}.Release|Any CPU.Build.0 = Release|Any CPU
		{279A15C5-F04E-4394-B6C2-8B801D41C5B4}.Debug|Any CPU.ActiveCfg = Debug|Any CPU
		{279A15C5-F04E-4394-B6C2-8B801D41C5B4}.Debug|Any CPU.Build.0 = Debug|Any CPU
		{279A15C5-F04E-4394-B6C2-8B801D41C5B4}.Release|Any CPU.ActiveCfg = Release|Any CPU
		{279A15C5-F04E-4394-B6C2-8B801D41C5B4}.Release|Any CPU.Build.0 = Release|Any CPU
		{F58DC589-264B-4C6E-AB4A-CB3F316F318D}.Debug|Any CPU.ActiveCfg = Debug|Any CPU
		{F58DC589-264B-4C6E-AB4A-CB3F316F318D}.Debug|Any CPU.Build.0 = Debug|Any CPU
		{F58DC589-264B-4C6E-AB4A-CB3F316F318D}.Release|Any CPU.ActiveCfg = Release|Any CPU
		{F58DC589-264B-4C6E-AB4A-CB3F316F318D}.Release|Any CPU.Build.0 = Release|Any CPU
		{300B2FD0-C0B3-4C33-81A7-0118E85C3328}.Debug|Any CPU.ActiveCfg = Debug|Any CPU
		{300B2FD0-C0B3-4C33-81A7-0118E85C3328}.Debug|Any CPU.Build.0 = Debug|Any CPU
		{300B2FD0-C0B3-4C33-81A7-0118E85C3328}.Release|Any CPU.ActiveCfg = Release|Any CPU
		{300B2FD0-C0B3-4C33-81A7-0118E85C3328}.Release|Any CPU.Build.0 = Release|Any CPU
		{E04A31CD-74A1-4A0E-8020-483CA0784E63}.Debug|Any CPU.ActiveCfg = Debug|Any CPU
		{E04A31CD-74A1-4A0E-8020-483CA0784E63}.Debug|Any CPU.Build.0 = Debug|Any CPU
		{E04A31CD-74A1-4A0E-8020-483CA0784E63}.Release|Any CPU.ActiveCfg = Release|Any CPU
		{E04A31CD-74A1-4A0E-8020-483CA0784E63}.Release|Any CPU.Build.0 = Release|Any CPU
		{9FA78606-BC87-4775-8520-B0B6BDFA1FE7}.Debug|Any CPU.ActiveCfg = Debug|Any CPU
		{9FA78606-BC87-4775-8520-B0B6BDFA1FE7}.Debug|Any CPU.Build.0 = Debug|Any CPU
		{9FA78606-BC87-4775-8520-B0B6BDFA1FE7}.Release|Any CPU.ActiveCfg = Release|Any CPU
		{9FA78606-BC87-4775-8520-B0B6BDFA1FE7}.Release|Any CPU.Build.0 = Release|Any CPU
		{CBBCDFAC-CA24-4E63-9DB9-DAE2D3415F48}.Debug|Any CPU.ActiveCfg = Debug|Any CPU
		{CBBCDFAC-CA24-4E63-9DB9-DAE2D3415F48}.Debug|Any CPU.Build.0 = Debug|Any CPU
		{CBBCDFAC-CA24-4E63-9DB9-DAE2D3415F48}.Release|Any CPU.ActiveCfg = Release|Any CPU
		{CBBCDFAC-CA24-4E63-9DB9-DAE2D3415F48}.Release|Any CPU.Build.0 = Release|Any CPU
		{3732BA38-577C-4D7E-B4BF-3A8E8EFAE283}.Debug|Any CPU.ActiveCfg = Debug|Any CPU
		{3732BA38-577C-4D7E-B4BF-3A8E8EFAE283}.Debug|Any CPU.Build.0 = Debug|Any CPU
		{3732BA38-577C-4D7E-B4BF-3A8E8EFAE283}.Release|Any CPU.ActiveCfg = Release|Any CPU
		{3732BA38-577C-4D7E-B4BF-3A8E8EFAE283}.Release|Any CPU.Build.0 = Release|Any CPU
		{8FE435A5-E8CB-4DE6-9A94-C446AA031F24}.Debug|Any CPU.ActiveCfg = Debug|Any CPU
		{8FE435A5-E8CB-4DE6-9A94-C446AA031F24}.Debug|Any CPU.Build.0 = Debug|Any CPU
		{8FE435A5-E8CB-4DE6-9A94-C446AA031F24}.Release|Any CPU.ActiveCfg = Release|Any CPU
		{8FE435A5-E8CB-4DE6-9A94-C446AA031F24}.Release|Any CPU.Build.0 = Release|Any CPU
		{2A7790E9-EB13-4417-ACAE-7627FAA925AD}.Debug|Any CPU.ActiveCfg = Debug|Any CPU
		{2A7790E9-EB13-4417-ACAE-7627FAA925AD}.Debug|Any CPU.Build.0 = Debug|Any CPU
		{2A7790E9-EB13-4417-ACAE-7627FAA925AD}.Release|Any CPU.ActiveCfg = Release|Any CPU
		{2A7790E9-EB13-4417-ACAE-7627FAA925AD}.Release|Any CPU.Build.0 = Release|Any CPU
	EndGlobalSection
	GlobalSection(SolutionProperties) = preSolution
		HideSolutionNode = FALSE
	EndGlobalSection
	GlobalSection(NestedProjects) = preSolution
		{0E547463-1EFD-49A3-9604-C69B934E0001} = {FBDC1CD1-8F6E-472A-9E3F-2716B99221FF}
		{BFD78660-3460-4AB5-8219-444E94492967} = {FBDC1CD1-8F6E-472A-9E3F-2716B99221FF}
		{9D1715A7-8981-4A3C-9815-E1925DE50E50} = {FBDC1CD1-8F6E-472A-9E3F-2716B99221FF}
		{ECBE784D-9621-4C6E-A8C8-8EE0AD001413} = {FBDC1CD1-8F6E-472A-9E3F-2716B99221FF}
		{9A464E24-9E6F-4A80-B558-4DA488FB8CE0} = {FBDC1CD1-8F6E-472A-9E3F-2716B99221FF}
		{8E0C52B8-64A1-4DF1-846C-14EB760F4DE5} = {11FEBC5F-F24A-487C-BACB-C392797D2886}
		{92CA8B72-C540-4ABE-8C1B-1F71410E79BF} = {FBDC1CD1-8F6E-472A-9E3F-2716B99221FF}
		{F58DC589-264B-4C6E-AB4A-CB3F316F318D} = {A95F490A-E42E-4D1A-B420-502DF28ED79D}
		{300B2FD0-C0B3-4C33-81A7-0118E85C3328} = {A95F490A-E42E-4D1A-B420-502DF28ED79D}
		{E04A31CD-74A1-4A0E-8020-483CA0784E63} = {A95F490A-E42E-4D1A-B420-502DF28ED79D}
		{9FA78606-BC87-4775-8520-B0B6BDFA1FE7} = {CBFB5793-F456-4A88-904E-7955D079F9EE}
		{CBBCDFAC-CA24-4E63-9DB9-DAE2D3415F48} = {CBFB5793-F456-4A88-904E-7955D079F9EE}
		{3732BA38-577C-4D7E-B4BF-3A8E8EFAE283} = {CBFB5793-F456-4A88-904E-7955D079F9EE}
		{8FE435A5-E8CB-4DE6-9A94-C446AA031F24} = {720017E9-6CDC-4F70-90C6-F4295CFC819B}
		{2A7790E9-EB13-4417-ACAE-7627FAA925AD} = {720017E9-6CDC-4F70-90C6-F4295CFC819B}
	EndGlobalSection
	GlobalSection(ExtensibilityGlobals) = postSolution
		SolutionGuid = {8D35DD1C-A58E-433A-80DE-38055D7EF8F4}
	EndGlobalSection
EndGlobal
